
Microsoft Visual Studio Solution File, Format Version 12.00
# Visual Studio 14
VisualStudioVersion = 14.0.24720.0
MinimumVisualStudioVersion = 10.0.40219.1
Project("{FAE04EC0-301F-11D3-BF4B-00C04F79EFBC}") = "EjemplosGenerics", "EjemplosGenerics\EjemplosGenerics.csproj", "{420F0CFD-0622-4899-95E9-B0A8F21D1978}"
EndProject
Project("{FAE04EC0-301F-11D3-BF4B-00C04F79EFBC}") = "EjemplosGenerics.Test", "EjemplosGenerics.Test\EjemplosGenerics.Test.csproj", "{B57C17FD-734B-42D1-A3D0-630201EF6DED}"
EndProject
Global
	GlobalSection(SolutionConfigurationPlatforms) = preSolution
		Debug|Any CPU = Debug|Any CPU
		Release|Any CPU = Release|Any CPU
	EndGlobalSection
	GlobalSection(ProjectConfigurationPlatforms) = postSolution
		{420F0CFD-0622-4899-95E9-B0A8F21D1978}.Debug|Any CPU.ActiveCfg = Debug|Any CPU
		{420F0CFD-0622-4899-95E9-B0A8F21D1978}.Debug|Any CPU.Build.0 = Debug|Any CPU
		{420F0CFD-0622-4899-95E9-B0A8F21D1978}.Release|Any CPU.ActiveCfg = Release|Any CPU
		{420F0CFD-0622-4899-95E9-B0A8F21D1978}.Release|Any CPU.Build.0 = Release|Any CPU
		{B57C17FD-734B-42D1-A3D0-630201EF6DED}.Debug|Any CPU.ActiveCfg = Debug|Any CPU
		{B57C17FD-734B-42D1-A3D0-630201EF6DED}.Debug|Any CPU.Build.0 = Debug|Any CPU
		{B57C17FD-734B-42D1-A3D0-630201EF6DED}.Release|Any CPU.ActiveCfg = Release|Any CPU
		{B57C17FD-734B-42D1-A3D0-630201EF6DED}.Release|Any CPU.Build.0 = Release|Any CPU
	EndGlobalSection
	GlobalSection(SolutionProperties) = preSolution
		HideSolutionNode = FALSE
	EndGlobalSection
EndGlobal
